{
  "version": 4,
  "terraform_version": "1.6.4",
  "serial": 6,
  "lineage": "54640830-51f4-bd8f-43b7-fb37023f7805",
  "outputs": {},
  "resources": [
    {
      "mode": "managed",
      "type": "local_file",
      "name": "my_cars",
      "provider": "provider[\"registry.terraform.io/hashicorp/local\"]",
      "instances": [
        {
          "schema_version": 0,
          "attributes": {
            "content": "I Love cars \u0026 bikes",
            "content_base64": null,
            "content_base64sha256": "SzSfV39nKMIUj4LstBkUjfyvFL80Ix5//yEx3N+1KCU=",
            "content_base64sha512": "wGLJqoBfXNrzNnoizBzEk0td4DN8RL0+9+ZYnpxii8BgDiiElijcTNxgnj9QvfflOT5VlRgsIn0hJtALuXjB/A==",
            "content_md5": "b6986f67f927d90bdd7d9971d5b8b4fd",
            "content_sha1": "1056648fb8063196f18e29fdd92046dac4464d7e",
            "content_sha256": "4b349f577f6728c2148f82ecb419148dfcaf14bf34231e7fff2131dcdfb52825",
            "content_sha512": "c062c9aa805f5cdaf3367a22cc1cc4934b5de0337c44bd3ef7e6589e9c628bc0600e28849628dc4cdc609e3f50bdf7e5393e5595182c227d2126d00bb978c1fc",
            "directory_permission": "0777",
            "file_permission": "0777",
            "filename": "cars.txt",
            "id": "1056648fb8063196f18e29fdd92046dac4464d7e",
            "sensitive_content": null,
            "source": null
          },
          "sensitive_attributes": []
        }
      ]
    },
    {
      "mode": "managed",
      "type": "random_pet",
      "name": "my_cars",
      "provider": "provider[\"registry.terraform.io/hashicorp/random\"]",
      "instances": [
        {
          "schema_version": 0,
          "attributes": {
            "id": "mr.doe",
            "keepers": null,
            "length": 1,
            "prefix": "mr",
            "separator": "."
          },
          "sensitive_attributes": []
        }
      ]
    }
  ],
  "check_results": null
}
