{
  "version": 4,
  "terraform_version": "1.6.4",
  "serial": 4,
  "lineage": "24aa4f05-d22f-24c1-dcab-f9e5d9c15b86",
  "outputs": {},
  "resources": [
    {
      "mode": "managed",
      "type": "local_file",
      "name": "my-devops",
      "provider": "provider[\"registry.terraform.io/hashicorp/local\"]",
      "instances": [
        {
          "schema_version": 0,
          "attributes": {
            "content": "I Love Devops",
            "content_base64": null,
            "content_base64sha256": "gyhih2ghUGmrVCfcip41BrVf15ib02QxOpreu6ScBSc=",
            "content_base64sha512": "TLEfd5qZRuN0KlrrjhV/m2N/Znkq/z9+bb9HnrSowzho+88sZBOaGuArMTSVwFP3+DKQHIurgTY3dKThWqUG/g==",
            "content_md5": "1d0973d53f38d900c6ac3a86ee8b6bc8",
            "content_sha1": "c6f1f91b48e86d41c239db5893ab29731d54ba59",
            "content_sha256": "8328628768215069ab5427dc8a9e3506b55fd7989bd364313a9adebba49c0527",
            "content_sha512": "4cb11f779a9946e3742a5aeb8e157f9b637f66792aff3f7e6dbf479eb4a8c33868fbcf2c64139a1ae02b313495c053f7f832901c8bab81363774a4e15aa506fe",
            "directory_permission": "0777",
            "file_permission": "0777",
            "filename": "techiehorizon.txt",
            "id": "c6f1f91b48e86d41c239db5893ab29731d54ba59",
            "sensitive_content": null,
            "source": null
          },
          "sensitive_attributes": [],
          "create_before_destroy": true
        }
      ]
    },
    {
      "mode": "managed",
      "type": "random_pet",
      "name": "my-devops",
      "provider": "provider[\"registry.terraform.io/hashicorp/random\"]",
      "instances": [
        {
          "schema_version": 0,
          "attributes": {
            "id": "mr-badger",
            "keepers": null,
            "length": 1,
            "prefix": "mr",
            "separator": "-"
          },
          "sensitive_attributes": []
        }
      ]
    }
  ],
  "check_results": null
}
